
Microsoft Visual Studio Solution File, Format Version 11.00
# Visual Studio 2010
Project("{FAE04EC0-301F-11D3-BF4B-00C04F79EFBC}") = "AndraMig", "Assembly-CSharp.csproj", "{B07C1182-554B-3772-9152-B02C297AB5A1}"
EndProject
Project("{FAE04EC0-301F-11D3-BF4B-00C04F79EFBC}") = "AndraMig", "Assembly-CSharp-Editor.csproj", "{285775B4-98CA-E2C8-76FE-1D1AC8BE1FFE}"
EndProject
Global
	GlobalSection(SolutionConfigurationPlatforms) = preSolution
		Debug|Any CPU = Debug|Any CPU
		Release|Any CPU = Release|Any CPU
	EndGlobalSection
	GlobalSection(ProjectConfigurationPlatforms) = postSolution
		{B07C1182-554B-3772-9152-B02C297AB5A1}.Debug|Any CPU.ActiveCfg = Debug|Any CPU
		{B07C1182-554B-3772-9152-B02C297AB5A1}.Debug|Any CPU.Build.0 = Debug|Any CPU
		{B07C1182-554B-3772-9152-B02C297AB5A1}.Release|Any CPU.ActiveCfg = Release|Any CPU
		{B07C1182-554B-3772-9152-B02C297AB5A1}.Release|Any CPU.Build.0 = Release|Any CPU
		{285775B4-98CA-E2C8-76FE-1D1AC8BE1FFE}.Debug|Any CPU.ActiveCfg = Debug|Any CPU
		{285775B4-98CA-E2C8-76FE-1D1AC8BE1FFE}.Debug|Any CPU.Build.0 = Debug|Any CPU
		{285775B4-98CA-E2C8-76FE-1D1AC8BE1FFE}.Release|Any CPU.ActiveCfg = Release|Any CPU
		{285775B4-98CA-E2C8-76FE-1D1AC8BE1FFE}.Release|Any CPU.Build.0 = Release|Any CPU
	EndGlobalSection
	GlobalSection(SolutionProperties) = preSolution
		HideSolutionNode = FALSE
	EndGlobalSection
	GlobalSection(MonoDevelopProperties) = preSolution
		StartupItem = Assembly-CSharp.csproj
	EndGlobalSection
EndGlobal
